
Microsoft Visual Studio Solution File, Format Version 12.00
# Visual Studio 15
VisualStudioVersion = 15.0.28307.329
MinimumVisualStudioVersion = 10.0.40219.1
Project("{FAE04EC0-301F-11D3-BF4B-00C04F79EFBC}") = "TodoApplication", "TodoApplication\TodoApplication.csproj", "{B77C781D-195B-4621-A892-8C0D7AFA9647}"
	ProjectSection(ProjectDependencies) = postProject
		{FBDB6E2B-B691-4117-BB76-3552A7FBEFBA} = {FBDB6E2B-B691-4117-BB76-3552A7FBEFBA}
	EndProjectSection
EndProject
Project("{FAE04EC0-301F-11D3-BF4B-00C04F79EFBC}") = "TodoServiceLibrary", "TodoServiceLibrary\TodoServiceLibrary.csproj", "{FBDB6E2B-B691-4117-BB76-3552A7FBEFBA}"
EndProject
Global
	GlobalSection(SolutionConfigurationPlatforms) = preSolution
		Debug|Any CPU = Debug|Any CPU
		Release|Any CPU = Release|Any CPU
	EndGlobalSection
	GlobalSection(ProjectConfigurationPlatforms) = postSolution
		{B77C781D-195B-4621-A892-8C0D7AFA9647}.Debug|Any CPU.ActiveCfg = Debug|Any CPU
		{B77C781D-195B-4621-A892-8C0D7AFA9647}.Debug|Any CPU.Build.0 = Debug|Any CPU
		{B77C781D-195B-4621-A892-8C0D7AFA9647}.Release|Any CPU.ActiveCfg = Release|Any CPU
		{B77C781D-195B-4621-A892-8C0D7AFA9647}.Release|Any CPU.Build.0 = Release|Any CPU
		{FBDB6E2B-B691-4117-BB76-3552A7FBEFBA}.Debug|Any CPU.ActiveCfg = Debug|Any CPU
		{FBDB6E2B-B691-4117-BB76-3552A7FBEFBA}.Debug|Any CPU.Build.0 = Debug|Any CPU
		{FBDB6E2B-B691-4117-BB76-3552A7FBEFBA}.Release|Any CPU.ActiveCfg = Release|Any CPU
		{FBDB6E2B-B691-4117-BB76-3552A7FBEFBA}.Release|Any CPU.Build.0 = Release|Any CPU
	EndGlobalSection
	GlobalSection(SolutionProperties) = preSolution
		HideSolutionNode = FALSE
	EndGlobalSection
	GlobalSection(ExtensibilityGlobals) = postSolution
		SolutionGuid = {DDB8568A-C214-41C0-8BFC-686BD8E8B636}
	EndGlobalSection
EndGlobal
